<Solution>
  <Folder Name="/SecureGateIntegrado_NET10 (1)/">
    <Project Path="SecureGateIntegrado_NET10 (1)/SecureGateIntegrado/SecureGateIntegrado.csproj" />
  </Folder>
  <Folder Name="/src/">
    <Project Path="src/SecureGate.Contratos/SecureGate.Contratos.csproj" />
    <Project Path="src/SecureGate.Proteccion/SecureGate.Proteccion.csproj" />
    <Project Path="src/SecureGate.Sandbox/SecureGate.Sandbox.csproj" />
    <Project Path="src/SecureGate.Servidor/SecureGate.Servidor.csproj" />
    <Project Path="src/SecureGate.Cliente/SecureGate.Cliente.csproj" />
  </Folder>
  <Folder Name="/pruebas/">
    <Project Path="pruebas/SecureGate.Seguridad.Pruebas/SecureGate.Seguridad.Pruebas.csproj" />
    <Project Path="pruebas/SecureGate.Cliente.Pruebas/SecureGate.Cliente.Pruebas.csproj" />
    <Project Path="pruebas/SecureGate.Ia.Pruebas/SecureGate.Ia.Pruebas.csproj" />
  </Folder>
</Solution>